
Microsoft Visual Studio Solution File, Format Version 12.00
# Visual Studio Version 16
VisualStudioVersion = 16.0.32510.428
MinimumVisualStudioVersion = 10.0.40219.1
Project("{FAE04EC0-301F-11D3-BF4B-00C04F79EFBC}") = "MVCDemo2", "MVCDemo2\MVCDemo2.csproj", "{C04EB77F-5021-49EB-AB9A-FC86918A5E72}"
EndProject
Global
	GlobalSection(SolutionConfigurationPlatforms) = preSolution
		Debug|Any CPU = Debug|Any CPU
		Release|Any CPU = Release|Any CPU
	EndGlobalSection
	GlobalSection(ProjectConfigurationPlatforms) = postSolution
		{C04EB77F-5021-49EB-AB9A-FC86918A5E72}.Debug|Any CPU.ActiveCfg = Debug|Any CPU
		{C04EB77F-5021-49EB-AB9A-FC86918A5E72}.Debug|Any CPU.Build.0 = Debug|Any CPU
		{C04EB77F-5021-49EB-AB9A-FC86918A5E72}.Release|Any CPU.ActiveCfg = Release|Any CPU
		{C04EB77F-5021-49EB-AB9A-FC86918A5E72}.Release|Any CPU.Build.0 = Release|Any CPU
	EndGlobalSection
	GlobalSection(SolutionProperties) = preSolution
		HideSolutionNode = FALSE
	EndGlobalSection
	GlobalSection(ExtensibilityGlobals) = postSolution
		SolutionGuid = {CAD841DA-D95A-4DE0-B5A4-93E57C832C9B}
	EndGlobalSection
EndGlobal
